// !$*UTF8*$!
{
	archiveVersion = 1;
	classes = {
	};
	objectVersion = 50;
	objects = {

/* Begin PBXBuildFile section */
		51000EFD211C68DD00138AEE /* ViewSizeCalculateCache.swift in Sources */ = {isa = PBXBuildFile; fileRef = 51000EFC211C68DD00138AEE /* ViewSizeCalculateCache.swift */; };
		51000F03211D294100138AEE /* ChatInputBar.xib in Resources */ = {isa = PBXBuildFile; fileRef = 51000F02211D294100138AEE /* ChatInputBar.xib */; };
		51000F05211D29AD00138AEE /* ChatInputBar.swift in Sources */ = {isa = PBXBuildFile; fileRef = 51000F04211D29AD00138AEE /* ChatInputBar.swift */; };
		51000F07211D3A4800138AEE /* ChatInputViewController.swift in Sources */ = {isa = PBXBuildFile; fileRef = 51000F06211D3A4800138AEE /* ChatInputViewController.swift */; };
		51000F0C211D536D00138AEE /* ChatViewController.swift in Sources */ = {isa = PBXBuildFile; fileRef = 51000F0A211D536D00138AEE /* ChatViewController.swift */; };
		510072B2211AC5D300604E85 /* ChatChara.swift in Sources */ = {isa = PBXBuildFile; fileRef = 510072B1211AC5D300604E85 /* ChatChara.swift */; };
		510072B4211AC61F00604E85 /* ChatMessage.swift in Sources */ = {isa = PBXBuildFile; fileRef = 510072B3211AC61F00604E85 /* ChatMessage.swift */; };
		510072B6211AC6B500604E85 /* ChatRoom.swift in Sources */ = {isa = PBXBuildFile; fileRef = 510072B5211AC6B500604E85 /* ChatRoom.swift */; };
		510072C3211AD8C900604E85 /* ChatModelsTests.swift in Sources */ = {isa = PBXBuildFile; fileRef = 510072C2211AD8C900604E85 /* ChatModelsTests.swift */; };
		510072C5211AE16E00604E85 /* ChatTableViewCellModel.swift in Sources */ = {isa = PBXBuildFile; fileRef = 510072C4211AE16E00604E85 /* ChatTableViewCellModel.swift */; };
		510072C7211B0CF000604E85 /* ChatTableViewController.swift in Sources */ = {isa = PBXBuildFile; fileRef = 510072C6211B0CF000604E85 /* ChatTableViewController.swift */; };
		510072C9211B17BD00604E85 /* ChatTableViewCellType.swift in Sources */ = {isa = PBXBuildFile; fileRef = 510072C8211B17BD00604E85 /* ChatTableViewCellType.swift */; };
		510072CC211B277B00604E85 /* DebugChatRoomFactory.swift in Sources */ = {isa = PBXBuildFile; fileRef = 510072CB211B277B00604E85 /* DebugChatRoomFactory.swift */; };
		510072CE211BB6EB00604E85 /* ThemeColor.swift in Sources */ = {isa = PBXBuildFile; fileRef = 510072CD211BB6EB00604E85 /* ThemeColor.swift */; };
		510072D4211BD70300604E85 /* TextBalloonTests.swift in Sources */ = {isa = PBXBuildFile; fileRef = 510072D3211BD70300604E85 /* TextBalloonTests.swift */; };
		51107C07211BDD1100D0E948 /* ChatTableTests.swift in Sources */ = {isa = PBXBuildFile; fileRef = 51107C06211BDD1100D0E948 /* ChatTableTests.swift */; };
		515F451421155E2C000E9BD9 /* BalloonContainer.swift in Sources */ = {isa = PBXBuildFile; fileRef = 515F451321155E2C000E9BD9 /* BalloonContainer.swift */; };
		515F451521155E2C000E9BD9 /* BalloonContainer.swift in Sources */ = {isa = PBXBuildFile; fileRef = 515F451321155E2C000E9BD9 /* BalloonContainer.swift */; };
		515F451621155E2C000E9BD9 /* BalloonContainer.swift in Sources */ = {isa = PBXBuildFile; fileRef = 515F451321155E2C000E9BD9 /* BalloonContainer.swift */; };
		515F451821155F16000E9BD9 /* CommonUIView.swift in Sources */ = {isa = PBXBuildFile; fileRef = 515F451721155F16000E9BD9 /* CommonUIView.swift */; };
		515F451921155F16000E9BD9 /* CommonUIView.swift in Sources */ = {isa = PBXBuildFile; fileRef = 515F451721155F16000E9BD9 /* CommonUIView.swift */; };
		515F451A21155F16000E9BD9 /* CommonUIView.swift in Sources */ = {isa = PBXBuildFile; fileRef = 515F451721155F16000E9BD9 /* CommonUIView.swift */; };
		515F451D21156B74000E9BD9 /* BalloonContainer.xib in Resources */ = {isa = PBXBuildFile; fileRef = 515F451C21156B74000E9BD9 /* BalloonContainer.xib */; };
		515F451E21156B74000E9BD9 /* BalloonContainer.xib in Resources */ = {isa = PBXBuildFile; fileRef = 515F451C21156B74000E9BD9 /* BalloonContainer.xib */; };
		515F451F21156B74000E9BD9 /* BalloonContainer.xib in Resources */ = {isa = PBXBuildFile; fileRef = 515F451C21156B74000E9BD9 /* BalloonContainer.xib */; };
		516DA0962122C59200FAAF7E /* DelegateMap.swift in Sources */ = {isa = PBXBuildFile; fileRef = 516DA0952122C59200FAAF7E /* DelegateMap.swift */; };
		516DA0982122C61100FAAF7E /* DelegateMapTests.swift in Sources */ = {isa = PBXBuildFile; fileRef = 516DA0972122C61100FAAF7E /* DelegateMapTests.swift */; };
		518571E5211D5F6C004BD205 /* KeyboardFrameObserver.swift in Sources */ = {isa = PBXBuildFile; fileRef = 518571E4211D5F6C004BD205 /* KeyboardFrameObserver.swift */; };
		51A56AF1211553EC007F6718 /* AppDelegate.swift in Sources */ = {isa = PBXBuildFile; fileRef = 51A56AF0211553EC007F6718 /* AppDelegate.swift */; };
		51A56AF3211553EC007F6718 /* ViewController.swift in Sources */ = {isa = PBXBuildFile; fileRef = 51A56AF2211553EC007F6718 /* ViewController.swift */; };
		51A56AF6211553EC007F6718 /* Main.storyboard in Resources */ = {isa = PBXBuildFile; fileRef = 51A56AF4211553EC007F6718 /* Main.storyboard */; };
		51A56AF9211553EC007F6718 /* Narikiri.xcdatamodeld in Sources */ = {isa = PBXBuildFile; fileRef = 51A56AF7211553EC007F6718 /* Narikiri.xcdatamodeld */; };
		51A56AFB211553ED007F6718 /* Assets.xcassets in Resources */ = {isa = PBXBuildFile; fileRef = 51A56AFA211553ED007F6718 /* Assets.xcassets */; };
		51A56AFE211553ED007F6718 /* LaunchScreen.storyboard in Resources */ = {isa = PBXBuildFile; fileRef = 51A56AFC211553ED007F6718 /* LaunchScreen.storyboard */; };
		51A56B09211553ED007F6718 /* NarikiriTests.swift in Sources */ = {isa = PBXBuildFile; fileRef = 51A56B08211553ED007F6718 /* NarikiriTests.swift */; };
		51A56B14211553ED007F6718 /* NarikiriUITests.swift in Sources */ = {isa = PBXBuildFile; fileRef = 51A56B13211553ED007F6718 /* NarikiriUITests.swift */; };
		51A808612122B33B00895E02 /* Weak.swift in Sources */ = {isa = PBXBuildFile; fileRef = 51A808602122B33B00895E02 /* Weak.swift */; };
		51A808632122B3E700895E02 /* WeakContainerTests.swift in Sources */ = {isa = PBXBuildFile; fileRef = 51A808622122B3E700895E02 /* WeakContainerTests.swift */; };
		51A808652122B68400895E02 /* WeakContainer.swift in Sources */ = {isa = PBXBuildFile; fileRef = 51A808642122B68400895E02 /* WeakContainer.swift */; };
		51DB1B8F2124E7FD00F2B4F6 /* ChatMessageCreator.swift in Sources */ = {isa = PBXBuildFile; fileRef = 51DB1B8E2124E7FD00F2B4F6 /* ChatMessageCreator.swift */; };
		51DB1B952124EA3700F2B4F6 /* ChatModelSpecialIDs.swift in Sources */ = {isa = PBXBuildFile; fileRef = 51DB1B942124EA3700F2B4F6 /* ChatModelSpecialIDs.swift */; };
		51E73A2F212639E100891335 /* ChatSourceMessagesEditor.swift in Sources */ = {isa = PBXBuildFile; fileRef = 51E73A2E212639E100891335 /* ChatSourceMessagesEditor.swift */; };
		51E73A3521263B9200891335 /* MutableChatMessageTests.swift in Sources */ = {isa = PBXBuildFile; fileRef = 51E73A3421263B9200891335 /* MutableChatMessageTests.swift */; };
		51E73A3721264CF900891335 /* ChatMessageCreatableTests.swift in Sources */ = {isa = PBXBuildFile; fileRef = 51E73A3621264CF900891335 /* ChatMessageCreatableTests.swift */; };
		51E73A39212654EC00891335 /* ChatSourceMessagesEditorTests.swift in Sources */ = {isa = PBXBuildFile; fileRef = 51E73A38212654EC00891335 /* ChatSourceMessagesEditorTests.swift */; };
		51E8AFB12116FC1D0044C80B /* CommonUIViewTests.swift in Sources */ = {isa = PBXBuildFile; fileRef = 51E8AFB02116FC1D0044C80B /* CommonUIViewTests.swift */; };
		51E8AFB32116FFBC0044C80B /* BalloonContainerTests.swift in Sources */ = {isa = PBXBuildFile; fileRef = 51E8AFB22116FFBC0044C80B /* BalloonContainerTests.swift */; };
		51E8AFB521171ABC0044C80B /* TextBalloon.swift in Sources */ = {isa = PBXBuildFile; fileRef = 51E8AFB421171ABC0044C80B /* TextBalloon.swift */; };
		51E8AFCA21197FCC0044C80B /* ChatTableViewCell.swift in Sources */ = {isa = PBXBuildFile; fileRef = 51E8AFC821197FCC0044C80B /* ChatTableViewCell.swift */; };
		51E8AFCB21197FCC0044C80B /* ChatTableViewCell.xib in Resources */ = {isa = PBXBuildFile; fileRef = 51E8AFC921197FCC0044C80B /* ChatTableViewCell.xib */; };
/* End PBXBuildFile section */

/* Begin PBXContainerItemProxy section */
		51A56B05211553ED007F6718 /* PBXContainerItemProxy */ = {
			isa = PBXContainerItemProxy;
			containerPortal = 51A56AE5211553EC007F6718 /* Project object */;
			proxyType = 1;
			remoteGlobalIDString = 51A56AEC211553EC007F6718;
			remoteInfo = Narikiri;
		};
		51A56B10211553ED007F6718 /* PBXContainerItemProxy */ = {
			isa = PBXContainerItemProxy;
			containerPortal = 51A56AE5211553EC007F6718 /* Project object */;
			proxyType = 1;
			remoteGlobalIDString = 51A56AEC211553EC007F6718;
			remoteInfo = Narikiri;
		};
/* End PBXContainerItemProxy section */

/* Begin PBXFileReference section */
		51000EFC211C68DD00138AEE /* ViewSizeCalculateCache.swift */ = {isa = PBXFileReference; lastKnownFileType = sourcecode.swift; path = ViewSizeCalculateCache.swift; sourceTree = "<group>"; };
		51000F02211D294100138AEE /* ChatInputBar.xib */ = {isa = PBXFileReference; lastKnownFileType = file.xib; path = ChatInputBar.xib; sourceTree = "<group>"; };
		51000F04211D29AD00138AEE /* ChatInputBar.swift */ = {isa = PBXFileReference; lastKnownFileType = sourcecode.swift; path = ChatInputBar.swift; sourceTree = "<group>"; };
		51000F06211D3A4800138AEE /* ChatInputViewController.swift */ = {isa = PBXFileReference; lastKnownFileType = sourcecode.swift; path = ChatInputViewController.swift; sourceTree = "<group>"; };
		51000F0A211D536D00138AEE /* ChatViewController.swift */ = {isa = PBXFileReference; lastKnownFileType = sourcecode.swift; path = ChatViewController.swift; sourceTree = "<group>"; };
		510072B1211AC5D300604E85 /* ChatChara.swift */ = {isa = PBXFileReference; lastKnownFileType = sourcecode.swift; path = ChatChara.swift; sourceTree = "<group>"; };
		510072B3211AC61F00604E85 /* ChatMessage.swift */ = {isa = PBXFileReference; lastKnownFileType = sourcecode.swift; path = ChatMessage.swift; sourceTree = "<group>"; };
		510072B5211AC6B500604E85 /* ChatRoom.swift */ = {isa = PBXFileReference; lastKnownFileType = sourcecode.swift; path = ChatRoom.swift; sourceTree = "<group>"; };
		510072C2211AD8C900604E85 /* ChatModelsTests.swift */ = {isa = PBXFileReference; lastKnownFileType = sourcecode.swift; path = ChatModelsTests.swift; sourceTree = "<group>"; };
		510072C4211AE16E00604E85 /* ChatTableViewCellModel.swift */ = {isa = PBXFileReference; lastKnownFileType = sourcecode.swift; path = ChatTableViewCellModel.swift; sourceTree = "<group>"; };
		510072C6211B0CF000604E85 /* ChatTableViewController.swift */ = {isa = PBXFileReference; lastKnownFileType = sourcecode.swift; path = ChatTableViewController.swift; sourceTree = "<group>"; };
		510072C8211B17BD00604E85 /* ChatTableViewCellType.swift */ = {isa = PBXFileReference; lastKnownFileType = sourcecode.swift; path = ChatTableViewCellType.swift; sourceTree = "<group>"; };
		510072CB211B277B00604E85 /* DebugChatRoomFactory.swift */ = {isa = PBXFileReference; lastKnownFileType = sourcecode.swift; path = DebugChatRoomFactory.swift; sourceTree = "<group>"; };
		510072CD211BB6EB00604E85 /* ThemeColor.swift */ = {isa = PBXFileReference; lastKnownFileType = sourcecode.swift; path = ThemeColor.swift; sourceTree = "<group>"; };
		510072D3211BD70300604E85 /* TextBalloonTests.swift */ = {isa = PBXFileReference; lastKnownFileType = sourcecode.swift; path = TextBalloonTests.swift; sourceTree = "<group>"; };
		51107C06211BDD1100D0E948 /* ChatTableTests.swift */ = {isa = PBXFileReference; lastKnownFileType = sourcecode.swift; path = ChatTableTests.swift; sourceTree = "<group>"; };
		515F451321155E2C000E9BD9 /* BalloonContainer.swift */ = {isa = PBXFileReference; lastKnownFileType = sourcecode.swift; path = BalloonContainer.swift; sourceTree = "<group>"; };
		515F451721155F16000E9BD9 /* CommonUIView.swift */ = {isa = PBXFileReference; lastKnownFileType = sourcecode.swift; path = CommonUIView.swift; sourceTree = "<group>"; };
		515F451C21156B74000E9BD9 /* BalloonContainer.xib */ = {isa = PBXFileReference; lastKnownFileType = file.xib; path = BalloonContainer.xib; sourceTree = "<group>"; };
		516DA0952122C59200FAAF7E /* DelegateMap.swift */ = {isa = PBXFileReference; lastKnownFileType = sourcecode.swift; path = DelegateMap.swift; sourceTree = "<group>"; };
		516DA0972122C61100FAAF7E /* DelegateMapTests.swift */ = {isa = PBXFileReference; lastKnownFileType = sourcecode.swift; path = DelegateMapTests.swift; sourceTree = "<group>"; };
		518571E4211D5F6C004BD205 /* KeyboardFrameObserver.swift */ = {isa = PBXFileReference; lastKnownFileType = sourcecode.swift; path = KeyboardFrameObserver.swift; sourceTree = "<group>"; };
		51A56AED211553EC007F6718 /* Narikiri.app */ = {isa = PBXFileReference; explicitFileType = wrapper.application; includeInIndex = 0; path = Narikiri.app; sourceTree = BUILT_PRODUCTS_DIR; };
		51A56AF0211553EC007F6718 /* AppDelegate.swift */ = {isa = PBXFileReference; lastKnownFileType = sourcecode.swift; path = AppDelegate.swift; sourceTree = "<group>"; };
		51A56AF2211553EC007F6718 /* ViewController.swift */ = {isa = PBXFileReference; lastKnownFileType = sourcecode.swift; path = ViewController.swift; sourceTree = "<group>"; };
		51A56AF5211553EC007F6718 /* Base */ = {isa = PBXFileReference; lastKnownFileType = file.storyboard; name = Base; path = Base.lproj/Main.storyboard; sourceTree = "<group>"; };
		51A56AF8211553EC007F6718 /* Narikiri.xcdatamodel */ = {isa = PBXFileReference; lastKnownFileType = wrapper.xcdatamodel; path = Narikiri.xcdatamodel; sourceTree = "<group>"; };
		51A56AFA211553ED007F6718 /* Assets.xcassets */ = {isa = PBXFileReference; lastKnownFileType = folder.assetcatalog; path = Assets.xcassets; sourceTree = "<group>"; };
		51A56AFD211553ED007F6718 /* Base */ = {isa = PBXFileReference; lastKnownFileType = file.storyboard; name = Base; path = Base.lproj/LaunchScreen.storyboard; sourceTree = "<group>"; };
		51A56AFF211553ED007F6718 /* Info.plist */ = {isa = PBXFileReference; lastKnownFileType = text.plist.xml; path = Info.plist; sourceTree = "<group>"; };
		51A56B04211553ED007F6718 /* NarikiriTests.xctest */ = {isa = PBXFileReference; explicitFileType = wrapper.cfbundle; includeInIndex = 0; path = NarikiriTests.xctest; sourceTree = BUILT_PRODUCTS_DIR; };
		51A56B08211553ED007F6718 /* NarikiriTests.swift */ = {isa = PBXFileReference; lastKnownFileType = sourcecode.swift; path = NarikiriTests.swift; sourceTree = "<group>"; };
		51A56B0A211553ED007F6718 /* Info.plist */ = {isa = PBXFileReference; lastKnownFileType = text.plist.xml; path = Info.plist; sourceTree = "<group>"; };
		51A56B0F211553ED007F6718 /* NarikiriUITests.xctest */ = {isa = PBXFileReference; explicitFileType = wrapper.cfbundle; includeInIndex = 0; path = NarikiriUITests.xctest; sourceTree = BUILT_PRODUCTS_DIR; };
		51A56B13211553ED007F6718 /* NarikiriUITests.swift */ = {isa = PBXFileReference; lastKnownFileType = sourcecode.swift; path = NarikiriUITests.swift; sourceTree = "<group>"; };
		51A56B15211553ED007F6718 /* Info.plist */ = {isa = PBXFileReference; lastKnownFileType = text.plist.xml; path = Info.plist; sourceTree = "<group>"; };
		51A808602122B33B00895E02 /* Weak.swift */ = {isa = PBXFileReference; lastKnownFileType = sourcecode.swift; path = Weak.swift; sourceTree = "<group>"; };
		51A808622122B3E700895E02 /* WeakContainerTests.swift */ = {isa = PBXFileReference; lastKnownFileType = sourcecode.swift; path = WeakContainerTests.swift; sourceTree = "<group>"; };
		51A808642122B68400895E02 /* WeakContainer.swift */ = {isa = PBXFileReference; lastKnownFileType = sourcecode.swift; path = WeakContainer.swift; sourceTree = "<group>"; };
		51DB1B8E2124E7FD00F2B4F6 /* ChatMessageCreator.swift */ = {isa = PBXFileReference; lastKnownFileType = sourcecode.swift; path = ChatMessageCreator.swift; sourceTree = "<group>"; };
		51DB1B942124EA3700F2B4F6 /* ChatModelSpecialIDs.swift */ = {isa = PBXFileReference; lastKnownFileType = sourcecode.swift; path = ChatModelSpecialIDs.swift; sourceTree = "<group>"; };
		51E73A2E212639E100891335 /* ChatSourceMessagesEditor.swift */ = {isa = PBXFileReference; lastKnownFileType = sourcecode.swift; path = ChatSourceMessagesEditor.swift; sourceTree = "<group>"; };
		51E73A3421263B9200891335 /* MutableChatMessageTests.swift */ = {isa = PBXFileReference; lastKnownFileType = sourcecode.swift; path = MutableChatMessageTests.swift; sourceTree = "<group>"; };
		51E73A3621264CF900891335 /* ChatMessageCreatableTests.swift */ = {isa = PBXFileReference; lastKnownFileType = sourcecode.swift; path = ChatMessageCreatableTests.swift; sourceTree = "<group>"; };
		51E73A38212654EC00891335 /* ChatSourceMessagesEditorTests.swift */ = {isa = PBXFileReference; lastKnownFileType = sourcecode.swift; path = ChatSourceMessagesEditorTests.swift; sourceTree = "<group>"; };
		51E8AFB02116FC1D0044C80B /* CommonUIViewTests.swift */ = {isa = PBXFileReference; lastKnownFileType = sourcecode.swift; path = CommonUIViewTests.swift; sourceTree = "<group>"; };
		51E8AFB22116FFBC0044C80B /* BalloonContainerTests.swift */ = {isa = PBXFileReference; lastKnownFileType = sourcecode.swift; path = BalloonContainerTests.swift; sourceTree = "<group>"; };
		51E8AFB421171ABC0044C80B /* TextBalloon.swift */ = {isa = PBXFileReference; lastKnownFileType = sourcecode.swift; path = TextBalloon.swift; sourceTree = "<group>"; };
		51E8AFC821197FCC0044C80B /* ChatTableViewCell.swift */ = {isa = PBXFileReference; lastKnownFileType = sourcecode.swift; path = ChatTableViewCell.swift; sourceTree = "<group>"; };
		51E8AFC921197FCC0044C80B /* ChatTableViewCell.xib */ = {isa = PBXFileReference; lastKnownFileType = file.xib; path = ChatTableViewCell.xib; sourceTree = "<group>"; };
/* End PBXFileReference section */

/* Begin PBXFrameworksBuildPhase section */
		51A56AEA211553EC007F6718 /* Frameworks */ = {
			isa = PBXFrameworksBuildPhase;
			buildActionMask = 2147483647;
			files = (
			);
			runOnlyForDeploymentPostprocessing = 0;
		};
		51A56B01211553ED007F6718 /* Frameworks */ = {
			isa = PBXFrameworksBuildPhase;
			buildActionMask = 2147483647;
			files = (
			);
			runOnlyForDeploymentPostprocessing = 0;
		};
		51A56B0C211553ED007F6718 /* Frameworks */ = {
			isa = PBXFrameworksBuildPhase;
			buildActionMask = 2147483647;
			files = (
			);
			runOnlyForDeploymentPostprocessing = 0;
		};
/* End PBXFrameworksBuildPhase section */

/* Begin PBXGroup section */
		51000EFE211C7DD800138AEE /* table */ = {
			isa = PBXGroup;
			children = (
				51E8AFC821197FCC0044C80B /* ChatTableViewCell.swift */,
				51E8AFC921197FCC0044C80B /* ChatTableViewCell.xib */,
				510072C4211AE16E00604E85 /* ChatTableViewCellModel.swift */,
				510072C6211B0CF000604E85 /* ChatTableViewController.swift */,
				510072C8211B17BD00604E85 /* ChatTableViewCellType.swift */,
			);
			path = table;
			sourceTree = "<group>";
		};
		51000EFF211C7E6F00138AEE /* input */ = {
			isa = PBXGroup;
			children = (
				51000F02211D294100138AEE /* ChatInputBar.xib */,
				51000F04211D29AD00138AEE /* ChatInputBar.swift */,
				51000F06211D3A4800138AEE /* ChatInputViewController.swift */,
			);
			path = input;
			sourceTree = "<group>";
		};
		510072B0211AC5AF00604E85 /* model */ = {
			isa = PBXGroup;
			children = (
				510072BE211AD33800604E85 /* chat */,
			);
			path = model;
			sourceTree = "<group>";
		};
		510072BE211AD33800604E85 /* chat */ = {
			isa = PBXGroup;
			children = (
				51DB1B8D2124E7D800F2B4F6 /* factory */,
				51DB1B8A2124E3EA00F2B4F6 /* source */,
				510072B1211AC5D300604E85 /* ChatChara.swift */,
				510072B3211AC61F00604E85 /* ChatMessage.swift */,
				510072B5211AC6B500604E85 /* ChatRoom.swift */,
			);
			path = chat;
			sourceTree = "<group>";
		};
		510072CA211B275800604E85 /* debug */ = {
			isa = PBXGroup;
			children = (
				510072CB211B277B00604E85 /* DebugChatRoomFactory.swift */,
			);
			path = debug;
			sourceTree = "<group>";
		};
		515F450E211559FD000E9BD9 /* ui */ = {
			isa = PBXGroup;
			children = (
				51E8AFB7211924130044C80B /* chat */,
				51E8AFAF2115BAF30044C80B /* const */,
				515F451C21156B74000E9BD9 /* BalloonContainer.xib */,
				515F451321155E2C000E9BD9 /* BalloonContainer.swift */,
				51E8AFB421171ABC0044C80B /* TextBalloon.swift */,
			);
			path = ui;
			sourceTree = "<group>";
		};
		51A56AE4211553EC007F6718 = {
			isa = PBXGroup;
			children = (
				51A56AEF211553EC007F6718 /* Narikiri */,
				51A56B07211553ED007F6718 /* NarikiriTests */,
				51A56B12211553ED007F6718 /* NarikiriUITests */,
				51A56AEE211553EC007F6718 /* Products */,
			);
			sourceTree = "<group>";
		};
		51A56AEE211553EC007F6718 /* Products */ = {
			isa = PBXGroup;
			children = (
				51A56AED211553EC007F6718 /* Narikiri.app */,
				51A56B04211553ED007F6718 /* NarikiriTests.xctest */,
				51A56B0F211553ED007F6718 /* NarikiriUITests.xctest */,
			);
			name = Products;
			sourceTree = "<group>";
		};
		51A56AEF211553EC007F6718 /* Narikiri */ = {
			isa = PBXGroup;
			children = (
				510072CA211B275800604E85 /* debug */,
				510072B0211AC5AF00604E85 /* model */,
				51E8AFAD21157BE10044C80B /* common */,
				515F450E211559FD000E9BD9 /* ui */,
				51A56AF0211553EC007F6718 /* AppDelegate.swift */,
				51A56AF2211553EC007F6718 /* ViewController.swift */,
				51A56AF4211553EC007F6718 /* Main.storyboard */,
				51A56AFA211553ED007F6718 /* Assets.xcassets */,
				51A56AFC211553ED007F6718 /* LaunchScreen.storyboard */,
				51A56AFF211553ED007F6718 /* Info.plist */,
				51A56AF7211553EC007F6718 /* Narikiri.xcdatamodeld */,
			);
			path = Narikiri;
			sourceTree = "<group>";
		};
		51A56B07211553ED007F6718 /* NarikiriTests */ = {
			isa = PBXGroup;
			children = (
				51E8AFB02116FC1D0044C80B /* CommonUIViewTests.swift */,
				51A56B08211553ED007F6718 /* NarikiriTests.swift */,
				51A56B0A211553ED007F6718 /* Info.plist */,
				51E8AFB22116FFBC0044C80B /* BalloonContainerTests.swift */,
				510072C2211AD8C900604E85 /* ChatModelsTests.swift */,
				510072D3211BD70300604E85 /* TextBalloonTests.swift */,
				51107C06211BDD1100D0E948 /* ChatTableTests.swift */,
				51A808622122B3E700895E02 /* WeakContainerTests.swift */,
				516DA0972122C61100FAAF7E /* DelegateMapTests.swift */,
				51E73A3421263B9200891335 /* MutableChatMessageTests.swift */,
				51E73A3621264CF900891335 /* ChatMessageCreatableTests.swift */,
				51E73A38212654EC00891335 /* ChatSourceMessagesEditorTests.swift */,
			);
			path = NarikiriTests;
			sourceTree = "<group>";
		};
		51A56B12211553ED007F6718 /* NarikiriUITests */ = {
			isa = PBXGroup;
			children = (
				51A56B13211553ED007F6718 /* NarikiriUITests.swift */,
				51A56B15211553ED007F6718 /* Info.plist */,
			);
			path = NarikiriUITests;
			sourceTree = "<group>";
		};
		51A8085F2122B32D00895E02 /* util */ = {
			isa = PBXGroup;
			children = (
				51A808602122B33B00895E02 /* Weak.swift */,
				51A808642122B68400895E02 /* WeakContainer.swift */,
				516DA0952122C59200FAAF7E /* DelegateMap.swift */,
			);
			path = util;
			sourceTree = "<group>";
		};
		51DB1B8A2124E3EA00F2B4F6 /* source */ = {
			isa = PBXGroup;
			children = (
				51E73A2E212639E100891335 /* ChatSourceMessagesEditor.swift */,
			);
			path = source;
			sourceTree = "<group>";
		};
		51DB1B8D2124E7D800F2B4F6 /* factory */ = {
			isa = PBXGroup;
			children = (
				51DB1B942124EA3700F2B4F6 /* ChatModelSpecialIDs.swift */,
				51DB1B8E2124E7FD00F2B4F6 /* ChatMessageCreator.swift */,
			);
			path = factory;
			sourceTree = "<group>";
		};
		51E8AFAD21157BE10044C80B /* common */ = {
			isa = PBXGroup;
			children = (
				51A8085F2122B32D00895E02 /* util */,
				51E8AFAE21157BF10044C80B /* ui */,
			);
			path = common;
			sourceTree = "<group>";
		};
		51E8AFAE21157BF10044C80B /* ui */ = {
			isa = PBXGroup;
			children = (
				515F451721155F16000E9BD9 /* CommonUIView.swift */,
				51000EFC211C68DD00138AEE /* ViewSizeCalculateCache.swift */,
				518571E4211D5F6C004BD205 /* KeyboardFrameObserver.swift */,
			);
			path = ui;
			sourceTree = "<group>";
		};
		51E8AFAF2115BAF30044C80B /* const */ = {
			isa = PBXGroup;
			children = (
				510072CD211BB6EB00604E85 /* ThemeColor.swift */,
			);
			path = const;
			sourceTree = "<group>";
		};
		51E8AFB7211924130044C80B /* chat */ = {
			isa = PBXGroup;
			children = (
				51000EFF211C7E6F00138AEE /* input */,
				51000EFE211C7DD800138AEE /* table */,
				51000F0A211D536D00138AEE /* ChatViewController.swift */,
			);
			path = chat;
			sourceTree = "<group>";
		};
/* End PBXGroup section */

/* Begin PBXNativeTarget section */
		51A56AEC211553EC007F6718 /* Narikiri */ = {
			isa = PBXNativeTarget;
			buildConfigurationList = 51A56B18211553ED007F6718 /* Build configuration list for PBXNativeTarget "Narikiri" */;
			buildPhases = (
				51A56AE9211553EC007F6718 /* Sources */,
				51A56AEA211553EC007F6718 /* Frameworks */,
				51A56AEB211553EC007F6718 /* Resources */,
			);
			buildRules = (
			);
			dependencies = (
			);
			name = Narikiri;
			productName = Narikiri;
			productReference = 51A56AED211553EC007F6718 /* Narikiri.app */;
			productType = "com.apple.product-type.application";
		};
		51A56B03211553ED007F6718 /* NarikiriTests */ = {
			isa = PBXNativeTarget;
			buildConfigurationList = 51A56B1B211553ED007F6718 /* Build configuration list for PBXNativeTarget "NarikiriTests" */;
			buildPhases = (
				51A56B00211553ED007F6718 /* Sources */,
				51A56B01211553ED007F6718 /* Frameworks */,
				51A56B02211553ED007F6718 /* Resources */,
			);
			buildRules = (
			);
			dependencies = (
				51A56B06211553ED007F6718 /* PBXTargetDependency */,
			);
			name = NarikiriTests;
			productName = NarikiriTests;
			productReference = 51A56B04211553ED007F6718 /* NarikiriTests.xctest */;
			productType = "com.apple.product-type.bundle.unit-test";
		};
		51A56B0E211553ED007F6718 /* NarikiriUITests */ = {
			isa = PBXNativeTarget;
			buildConfigurationList = 51A56B1E211553ED007F6718 /* Build configuration list for PBXNativeTarget "NarikiriUITests" */;
			buildPhases = (
				51A56B0B211553ED007F6718 /* Sources */,
				51A56B0C211553ED007F6718 /* Frameworks */,
				51A56B0D211553ED007F6718 /* Resources */,
			);
			buildRules = (
			);
			dependencies = (
				51A56B11211553ED007F6718 /* PBXTargetDependency */,
			);
			name = NarikiriUITests;
			productName = NarikiriUITests;
			productReference = 51A56B0F211553ED007F6718 /* NarikiriUITests.xctest */;
			productType = "com.apple.product-type.bundle.ui-testing";
		};
/* End PBXNativeTarget section */

/* Begin PBXProject section */
		51A56AE5211553EC007F6718 /* Project object */ = {
			isa = PBXProject;
			attributes = {
				LastSwiftUpdateCheck = 0940;
				LastUpgradeCheck = 0940;
				ORGANIZATIONNAME = danjoft;
				TargetAttributes = {
					51A56AEC211553EC007F6718 = {
						CreatedOnToolsVersion = 9.4.1;
					};
					51A56B03211553ED007F6718 = {
						CreatedOnToolsVersion = 9.4.1;
						TestTargetID = 51A56AEC211553EC007F6718;
					};
					51A56B0E211553ED007F6718 = {
						CreatedOnToolsVersion = 9.4.1;
						TestTargetID = 51A56AEC211553EC007F6718;
					};
				};
			};
			buildConfigurationList = 51A56AE8211553EC007F6718 /* Build configuration list for PBXProject "Narikiri" */;
			compatibilityVersion = "Xcode 9.3";
			developmentRegion = en;
			hasScannedForEncodings = 0;
			knownRegions = (
				en,
				Base,
			);
			mainGroup = 51A56AE4211553EC007F6718;
			productRefGroup = 51A56AEE211553EC007F6718 /* Products */;
			projectDirPath = "";
			projectRoot = "";
			targets = (
				51A56AEC211553EC007F6718 /* Narikiri */,
				51A56B03211553ED007F6718 /* NarikiriTests */,
				51A56B0E211553ED007F6718 /* NarikiriUITests */,
			);
		};
/* End PBXProject section */

/* Begin PBXResourcesBuildPhase section */
		51A56AEB211553EC007F6718 /* Resources */ = {
			isa = PBXResourcesBuildPhase;
			buildActionMask = 2147483647;
			files = (
				51A56AFE211553ED007F6718 /* LaunchScreen.storyboard in Resources */,
				51A56AFB211553ED007F6718 /* Assets.xcassets in Resources */,
				51E8AFCB21197FCC0044C80B /* ChatTableViewCell.xib in Resources */,
				51000F03211D294100138AEE /* ChatInputBar.xib in Resources */,
				51A56AF6211553EC007F6718 /* Main.storyboard in Resources */,
				515F451D21156B74000E9BD9 /* BalloonContainer.xib in Resources */,
			);
			runOnlyForDeploymentPostprocessing = 0;
		};
		51A56B02211553ED007F6718 /* Resources */ = {
			isa = PBXResourcesBuildPhase;
			buildActionMask = 2147483647;
			files = (
				515F451E21156B74000E9BD9 /* BalloonContainer.xib in Resources */,
			);
			runOnlyForDeploymentPostprocessing = 0;
		};
		51A56B0D211553ED007F6718 /* Resources */ = {
			isa = PBXResourcesBuildPhase;
			buildActionMask = 2147483647;
			files = (
				515F451F21156B74000E9BD9 /* BalloonContainer.xib in Resources */,
			);
			runOnlyForDeploymentPostprocessing = 0;
		};
/* End PBXResourcesBuildPhase section */

/* Begin PBXSourcesBuildPhase section */
		51A56AE9211553EC007F6718 /* Sources */ = {
			isa = PBXSourcesBuildPhase;
			buildActionMask = 2147483647;
			files = (
				510072B4211AC61F00604E85 /* ChatMessage.swift in Sources */,
				510072C5211AE16E00604E85 /* ChatTableViewCellModel.swift in Sources */,
				518571E5211D5F6C004BD205 /* KeyboardFrameObserver.swift in Sources */,
				51A56AF9211553EC007F6718 /* Narikiri.xcdatamodeld in Sources */,
				51A808612122B33B00895E02 /* Weak.swift in Sources */,
				515F451421155E2C000E9BD9 /* BalloonContainer.swift in Sources */,
				51E8AFB521171ABC0044C80B /* TextBalloon.swift in Sources */,
				510072CC211B277B00604E85 /* DebugChatRoomFactory.swift in Sources */,
				51A56AF3211553EC007F6718 /* ViewController.swift in Sources */,
				51E8AFCA21197FCC0044C80B /* ChatTableViewCell.swift in Sources */,
				51DB1B8F2124E7FD00F2B4F6 /* ChatMessageCreator.swift in Sources */,
				515F451821155F16000E9BD9 /* CommonUIView.swift in Sources */,
				51A56AF1211553EC007F6718 /* AppDelegate.swift in Sources */,
				510072B6211AC6B500604E85 /* ChatRoom.swift in Sources */,
				51000F0C211D536D00138AEE /* ChatViewController.swift in Sources */,
				510072C9211B17BD00604E85 /* ChatTableViewCellType.swift in Sources */,
				51DB1B952124EA3700F2B4F6 /* ChatModelSpecialIDs.swift in Sources */,
				510072B2211AC5D300604E85 /* ChatChara.swift in Sources */,
				51000F07211D3A4800138AEE /* ChatInputViewController.swift in Sources */,
				510072C7211B0CF000604E85 /* ChatTableViewController.swift in Sources */,
				510072CE211BB6EB00604E85 /* ThemeColor.swift in Sources */,
				51000EFD211C68DD00138AEE /* ViewSizeCalculateCache.swift in Sources */,
				516DA0962122C59200FAAF7E /* DelegateMap.swift in Sources */,
				51000F05211D29AD00138AEE /* ChatInputBar.swift in Sources */,
				51E73A2F212639E100891335 /* ChatSourceMessagesEditor.swift in Sources */,
				51A808652122B68400895E02 /* WeakContainer.swift in Sources */,
			);
			runOnlyForDeploymentPostprocessing = 0;
		};
		51A56B00211553ED007F6718 /* Sources */ = {
			isa = PBXSourcesBuildPhase;
			buildActionMask = 2147483647;
			files = (
				51A56B09211553ED007F6718 /* NarikiriTests.swift in Sources */,
				51E73A39212654EC00891335 /* ChatSourceMessagesEditorTests.swift in Sources */,
				515F451921155F16000E9BD9 /* CommonUIView.swift in Sources */,
				51107C07211BDD1100D0E948 /* ChatTableTests.swift in Sources */,
				516DA0982122C61100FAAF7E /* DelegateMapTests.swift in Sources */,
				515F451521155E2C000E9BD9 /* BalloonContainer.swift in Sources */,
				51E73A3721264CF900891335 /* ChatMessageCreatableTests.swift in Sources */,
				51E8AFB32116FFBC0044C80B /* BalloonContainerTests.swift in Sources */,
				51E8AFB12116FC1D0044C80B /* CommonUIViewTests.swift in Sources */,
				510072D4211BD70300604E85 /* TextBalloonTests.swift in Sources */,
				51A808632122B3E700895E02 /* WeakContainerTests.swift in Sources */,
				51E73A3521263B9200891335 /* MutableChatMessageTests.swift in Sources */,
				510072C3211AD8C900604E85 /* ChatModelsTests.swift in Sources */,
			);
			runOnlyForDeploymentPostprocessing = 0;
		};
		51A56B0B211553ED007F6718 /* Sources */ = {
			isa = PBXSourcesBuildPhase;
			buildActionMask = 2147483647;
			files = (
				51A56B14211553ED007F6718 /* NarikiriUITests.swift in Sources */,
				515F451A21155F16000E9BD9 /* CommonUIView.swift in Sources */,
				515F451621155E2C000E9BD9 /* BalloonContainer.swift in Sources */,
			);
			runOnlyForDeploymentPostprocessing = 0;
		};
/* End PBXSourcesBuildPhase section */

/* Begin PBXTargetDependency section */
		51A56B06211553ED007F6718 /* PBXTargetDependency */ = {
			isa = PBXTargetDependency;
			target = 51A56AEC211553EC007F6718 /* Narikiri */;
			targetProxy = 51A56B05211553ED007F6718 /* PBXContainerItemProxy */;
		};
		51A56B11211553ED007F6718 /* PBXTargetDependency */ = {
			isa = PBXTargetDependency;
			target = 51A56AEC211553EC007F6718 /* Narikiri */;
			targetProxy = 51A56B10211553ED007F6718 /* PBXContainerItemProxy */;
		};
/* End PBXTargetDependency section */

/* Begin PBXVariantGroup section */
		51A56AF4211553EC007F6718 /* Main.storyboard */ = {
			isa = PBXVariantGroup;
			children = (
				51A56AF5211553EC007F6718 /* Base */,
			);
			name = Main.storyboard;
			sourceTree = "<group>";
		};
		51A56AFC211553ED007F6718 /* LaunchScreen.storyboard */ = {
			isa = PBXVariantGroup;
			children = (
				51A56AFD211553ED007F6718 /* Base */,
			);
			name = LaunchScreen.storyboard;
			sourceTree = "<group>";
		};
/* End PBXVariantGroup section */

/* Begin XCBuildConfiguration section */
		51A56B16211553ED007F6718 /* Debug */ = {
			isa = XCBuildConfiguration;
			buildSettings = {
				ALWAYS_SEARCH_USER_PATHS = NO;
				CLANG_ANALYZER_NONNULL = YES;
				CLANG_ANALYZER_NUMBER_OBJECT_CONVERSION = YES_AGGRESSIVE;
				CLANG_CXX_LANGUAGE_STANDARD = "gnu++14";
				CLANG_CXX_LIBRARY = "libc++";
				CLANG_ENABLE_MODULES = YES;
				CLANG_ENABLE_OBJC_ARC = YES;
				CLANG_ENABLE_OBJC_WEAK = YES;
				CLANG_WARN_BLOCK_CAPTURE_AUTORELEASING = YES;
				CLANG_WARN_BOOL_CONVERSION = YES;
				CLANG_WARN_COMMA = YES;
				CLANG_WARN_CONSTANT_CONVERSION = YES;
				CLANG_WARN_DEPRECATED_OBJC_IMPLEMENTATIONS = YES;
				CLANG_WARN_DIRECT_OBJC_ISA_USAGE = YES_ERROR;
				CLANG_WARN_DOCUMENTATION_COMMENTS = YES;
				CLANG_WARN_EMPTY_BODY = YES;
				CLANG_WARN_ENUM_CONVERSION = YES;
				CLANG_WARN_INFINITE_RECURSION = YES;
				CLANG_WARN_INT_CONVERSION = YES;
				CLANG_WARN_NON_LITERAL_NULL_CONVERSION = YES;
				CLANG_WARN_OBJC_IMPLICIT_RETAIN_SELF = YES;
				CLANG_WARN_OBJC_LITERAL_CONVERSION = YES;
				CLANG_WARN_OBJC_ROOT_CLASS = YES_ERROR;
				CLANG_WARN_RANGE_LOOP_ANALYSIS = YES;
				CLANG_WARN_STRICT_PROTOTYPES = YES;
				CLANG_WARN_SUSPICIOUS_MOVE = YES;
				CLANG_WARN_UNGUARDED_AVAILABILITY = YES_AGGRESSIVE;
				CLANG_WARN_UNREACHABLE_CODE = YES;
				CLANG_WARN__DUPLICATE_METHOD_MATCH = YES;
				CODE_SIGN_IDENTITY = "iPhone Developer";
				COPY_PHASE_STRIP = NO;
				DEBUG_INFORMATION_FORMAT = dwarf;
				ENABLE_STRICT_OBJC_MSGSEND = YES;
				ENABLE_TESTABILITY = YES;
				GCC_C_LANGUAGE_STANDARD = gnu11;
				GCC_DYNAMIC_NO_PIC = NO;
				GCC_NO_COMMON_BLOCKS = YES;
				GCC_OPTIMIZATION_LEVEL = 0;
				GCC_PREPROCESSOR_DEFINITIONS = (
					"DEBUG=1",
					"$(inherited)",
				);
				GCC_WARN_64_TO_32_BIT_CONVERSION = YES;
				GCC_WARN_ABOUT_RETURN_TYPE = YES_ERROR;
				GCC_WARN_UNDECLARED_SELECTOR = YES;
				GCC_WARN_UNINITIALIZED_AUTOS = YES_AGGRESSIVE;
				GCC_WARN_UNUSED_FUNCTION = YES;
				GCC_WARN_UNUSED_VARIABLE = YES;
				IPHONEOS_DEPLOYMENT_TARGET = 11.4;
				MTL_ENABLE_DEBUG_INFO = YES;
				ONLY_ACTIVE_ARCH = YES;
				SDKROOT = iphoneos;
				SWIFT_ACTIVE_COMPILATION_CONDITIONS = DEBUG;
				SWIFT_OPTIMIZATION_LEVEL = "-Onone";
			};
			name = Debug;
		};
		51A56B17211553ED007F6718 /* Release */ = {
			isa = XCBuildConfiguration;
			buildSettings = {
				ALWAYS_SEARCH_USER_PATHS = NO;
				CLANG_ANALYZER_NONNULL = YES;
				CLANG_ANALYZER_NUMBER_OBJECT_CONVERSION = YES_AGGRESSIVE;
				CLANG_CXX_LANGUAGE_STANDARD = "gnu++14";
				CLANG_CXX_LIBRARY = "libc++";
				CLANG_ENABLE_MODULES = YES;
				CLANG_ENABLE_OBJC_ARC = YES;
				CLANG_ENABLE_OBJC_WEAK = YES;
				CLANG_WARN_BLOCK_CAPTURE_AUTORELEASING = YES;
				CLANG_WARN_BOOL_CONVERSION = YES;
				CLANG_WARN_COMMA = YES;
				CLANG_WARN_CONSTANT_CONVERSION = YES;
				CLANG_WARN_DEPRECATED_OBJC_IMPLEMENTATIONS = YES;
				CLANG_WARN_DIRECT_OBJC_ISA_USAGE = YES_ERROR;
				CLANG_WARN_DOCUMENTATION_COMMENTS = YES;
				CLANG_WARN_EMPTY_BODY = YES;
				CLANG_WARN_ENUM_CONVERSION = YES;
				CLANG_WARN_INFINITE_RECURSION = YES;
				CLANG_WARN_INT_CONVERSION = YES;
				CLANG_WARN_NON_LITERAL_NULL_CONVERSION = YES;
				CLANG_WARN_OBJC_IMPLICIT_RETAIN_SELF = YES;
				CLANG_WARN_OBJC_LITERAL_CONVERSION = YES;
				CLANG_WARN_OBJC_ROOT_CLASS = YES_ERROR;
				CLANG_WARN_RANGE_LOOP_ANALYSIS = YES;
				CLANG_WARN_STRICT_PROTOTYPES = YES;
				CLANG_WARN_SUSPICIOUS_MOVE = YES;
				CLANG_WARN_UNGUARDED_AVAILABILITY = YES_AGGRESSIVE;
				CLANG_WARN_UNREACHABLE_CODE = YES;
				CLANG_WARN__DUPLICATE_METHOD_MATCH = YES;
				CODE_SIGN_IDENTITY = "iPhone Developer";
				COPY_PHASE_STRIP = NO;
				DEBUG_INFORMATION_FORMAT = "dwarf-with-dsym";
				ENABLE_NS_ASSERTIONS = NO;
				ENABLE_STRICT_OBJC_MSGSEND = YES;
				GCC_C_LANGUAGE_STANDARD = gnu11;
				GCC_NO_COMMON_BLOCKS = YES;
				GCC_WARN_64_TO_32_BIT_CONVERSION = YES;
				GCC_WARN_ABOUT_RETURN_TYPE = YES_ERROR;
				GCC_WARN_UNDECLARED_SELECTOR = YES;
				GCC_WARN_UNINITIALIZED_AUTOS = YES_AGGRESSIVE;
				GCC_WARN_UNUSED_FUNCTION = YES;
				GCC_WARN_UNUSED_VARIABLE = YES;
				IPHONEOS_DEPLOYMENT_TARGET = 11.4;
				MTL_ENABLE_DEBUG_INFO = NO;
				SDKROOT = iphoneos;
				SWIFT_COMPILATION_MODE = wholemodule;
				SWIFT_OPTIMIZATION_LEVEL = "-O";
				VALIDATE_PRODUCT = YES;
			};
			name = Release;
		};
		51A56B19211553ED007F6718 /* Debug */ = {
			isa = XCBuildConfiguration;
			buildSettings = {
				ASSETCATALOG_COMPILER_APPICON_NAME = AppIcon;
				CODE_SIGN_STYLE = Automatic;
				INFOPLIST_FILE = Narikiri/Info.plist;
				LD_RUNPATH_SEARCH_PATHS = (
					"$(inherited)",
					"@executable_path/Frameworks",
				);
				PRODUCT_BUNDLE_IDENTIFIER = com.danjoft.narikiri.Narikiri;
				PRODUCT_NAME = "$(TARGET_NAME)";
				SWIFT_VERSION = 4.0;
				TARGETED_DEVICE_FAMILY = "1,2";
			};
			name = Debug;
		};
		51A56B1A211553ED007F6718 /* Release */ = {
			isa = XCBuildConfiguration;
			buildSettings = {
				ASSETCATALOG_COMPILER_APPICON_NAME = AppIcon;
				CODE_SIGN_STYLE = Automatic;
				INFOPLIST_FILE = Narikiri/Info.plist;
				LD_RUNPATH_SEARCH_PATHS = (
					"$(inherited)",
					"@executable_path/Frameworks",
				);
				PRODUCT_BUNDLE_IDENTIFIER = com.danjoft.narikiri.Narikiri;
				PRODUCT_NAME = "$(TARGET_NAME)";
				SWIFT_VERSION = 4.0;
				TARGETED_DEVICE_FAMILY = "1,2";
			};
			name = Release;
		};
		51A56B1C211553ED007F6718 /* Debug */ = {
			isa = XCBuildConfiguration;
			buildSettings = {
				ALWAYS_EMBED_SWIFT_STANDARD_LIBRARIES = YES;
				BUNDLE_LOADER = "$(TEST_HOST)";
				CODE_SIGN_STYLE = Automatic;
				INFOPLIST_FILE = NarikiriTests/Info.plist;
				LD_RUNPATH_SEARCH_PATHS = (
					"$(inherited)",
					"@executable_path/Frameworks",
					"@loader_path/Frameworks",
				);
				PRODUCT_BUNDLE_IDENTIFIER = com.danjoft.narikiri.NarikiriTests;
				PRODUCT_NAME = "$(TARGET_NAME)";
				SWIFT_VERSION = 4.0;
				TARGETED_DEVICE_FAMILY = "1,2";
				TEST_HOST = "$(BUILT_PRODUCTS_DIR)/Narikiri.app/Narikiri";
			};
			name = Debug;
		};
		51A56B1D211553ED007F6718 /* Release */ = {
			isa = XCBuildConfiguration;
			buildSettings = {
				ALWAYS_EMBED_SWIFT_STANDARD_LIBRARIES = YES;
				BUNDLE_LOADER = "$(TEST_HOST)";
				CODE_SIGN_STYLE = Automatic;
				INFOPLIST_FILE = NarikiriTests/Info.plist;
				LD_RUNPATH_SEARCH_PATHS = (
					"$(inherited)",
					"@executable_path/Frameworks",
					"@loader_path/Frameworks",
				);
				PRODUCT_BUNDLE_IDENTIFIER = com.danjoft.narikiri.NarikiriTests;
				PRODUCT_NAME = "$(TARGET_NAME)";
				SWIFT_VERSION = 4.0;
				TARGETED_DEVICE_FAMILY = "1,2";
				TEST_HOST = "$(BUILT_PRODUCTS_DIR)/Narikiri.app/Narikiri";
			};
			name = Release;
		};
		51A56B1F211553ED007F6718 /* Debug */ = {
			isa = XCBuildConfiguration;
			buildSettings = {
				ALWAYS_EMBED_SWIFT_STANDARD_LIBRARIES = YES;
				CODE_SIGN_STYLE = Automatic;
				INFOPLIST_FILE = NarikiriUITests/Info.plist;
				LD_RUNPATH_SEARCH_PATHS = (
					"$(inherited)",
					"@executable_path/Frameworks",
					"@loader_path/Frameworks",
				);
				PRODUCT_BUNDLE_IDENTIFIER = com.danjoft.narikiri.NarikiriUITests;
				PRODUCT_NAME = "$(TARGET_NAME)";
				SWIFT_VERSION = 4.0;
				TARGETED_DEVICE_FAMILY = "1,2";
				TEST_TARGET_NAME = Narikiri;
			};
			name = Debug;
		};
		51A56B20211553ED007F6718 /* Release */ = {
			isa = XCBuildConfiguration;
			buildSettings = {
				ALWAYS_EMBED_SWIFT_STANDARD_LIBRARIES = YES;
				CODE_SIGN_STYLE = Automatic;
				INFOPLIST_FILE = NarikiriUITests/Info.plist;
				LD_RUNPATH_SEARCH_PATHS = (
					"$(inherited)",
					"@executable_path/Frameworks",
					"@loader_path/Frameworks",
				);
				PRODUCT_BUNDLE_IDENTIFIER = com.danjoft.narikiri.NarikiriUITests;
				PRODUCT_NAME = "$(TARGET_NAME)";
				SWIFT_VERSION = 4.0;
				TARGETED_DEVICE_FAMILY = "1,2";
				TEST_TARGET_NAME = Narikiri;
			};
			name = Release;
		};
/* End XCBuildConfiguration section */

/* Begin XCConfigurationList section */
		51A56AE8211553EC007F6718 /* Build configuration list for PBXProject "Narikiri" */ = {
			isa = XCConfigurationList;
			buildConfigurations = (
				51A56B16211553ED007F6718 /* Debug */,
				51A56B17211553ED007F6718 /* Release */,
			);
			defaultConfigurationIsVisible = 0;
			defaultConfigurationName = Release;
		};
		51A56B18211553ED007F6718 /* Build configuration list for PBXNativeTarget "Narikiri" */ = {
			isa = XCConfigurationList;
			buildConfigurations = (
				51A56B19211553ED007F6718 /* Debug */,
				51A56B1A211553ED007F6718 /* Release */,
			);
			defaultConfigurationIsVisible = 0;
			defaultConfigurationName = Release;
		};
		51A56B1B211553ED007F6718 /* Build configuration list for PBXNativeTarget "NarikiriTests" */ = {
			isa = XCConfigurationList;
			buildConfigurations = (
				51A56B1C211553ED007F6718 /* Debug */,
				51A56B1D211553ED007F6718 /* Release */,
			);
			defaultConfigurationIsVisible = 0;
			defaultConfigurationName = Release;
		};
		51A56B1E211553ED007F6718 /* Build configuration list for PBXNativeTarget "NarikiriUITests" */ = {
			isa = XCConfigurationList;
			buildConfigurations = (
				51A56B1F211553ED007F6718 /* Debug */,
				51A56B20211553ED007F6718 /* Release */,
			);
			defaultConfigurationIsVisible = 0;
			defaultConfigurationName = Release;
		};
/* End XCConfigurationList section */

/* Begin XCVersionGroup section */
		51A56AF7211553EC007F6718 /* Narikiri.xcdatamodeld */ = {
			isa = XCVersionGroup;
			children = (
				51A56AF8211553EC007F6718 /* Narikiri.xcdatamodel */,
			);
			currentVersion = 51A56AF8211553EC007F6718 /* Narikiri.xcdatamodel */;
			path = Narikiri.xcdatamodeld;
			sourceTree = "<group>";
			versionGroupType = wrapper.xcdatamodel;
		};
/* End XCVersionGroup section */
	};
	rootObject = 51A56AE5211553EC007F6718 /* Project object */;
}
